
Microsoft Visual Studio Solution File, Format Version 12.00
# Visual Studio Version 16
VisualStudioVersion = 16.0.30621.155
MinimumVisualStudioVersion = 10.0.40219.1
Project("{9A19103F-16F7-4668-BE54-9A1E7A4F7556}") = "CotSharp", "src\CotSharp\CotSharp.csproj", "{4555F3F1-71A8-4DB3-9E4B-479CC5EFE9C8}"
EndProject
Project("{FAE04EC0-301F-11D3-BF4B-00C04F79EFBC}") = "CopSharp.Tests", "tests\CopSharp.Tests\CopSharp.Tests.csproj", "{E7A1CBBC-5FD9-4BC0-862B-616BE6315AEC}"
EndProject
Global
	GlobalSection(SolutionConfigurationPlatforms) = preSolution
		Debug|Any CPU = Debug|Any CPU
		Release|Any CPU = Release|Any CPU
	EndGlobalSection
	GlobalSection(ProjectConfigurationPlatforms) = postSolution
		{4555F3F1-71A8-4DB3-9E4B-479CC5EFE9C8}.Debug|Any CPU.ActiveCfg = Debug|Any CPU
		{4555F3F1-71A8-4DB3-9E4B-479CC5EFE9C8}.Debug|Any CPU.Build.0 = Debug|Any CPU
		{4555F3F1-71A8-4DB3-9E4B-479CC5EFE9C8}.Release|Any CPU.ActiveCfg = Release|Any CPU
		{4555F3F1-71A8-4DB3-9E4B-479CC5EFE9C8}.Release|Any CPU.Build.0 = Release|Any CPU
		{E7A1CBBC-5FD9-4BC0-862B-616BE6315AEC}.Debug|Any CPU.ActiveCfg = Debug|Any CPU
		{E7A1CBBC-5FD9-4BC0-862B-616BE6315AEC}.Debug|Any CPU.Build.0 = Debug|Any CPU
		{E7A1CBBC-5FD9-4BC0-862B-616BE6315AEC}.Release|Any CPU.ActiveCfg = Release|Any CPU
		{E7A1CBBC-5FD9-4BC0-862B-616BE6315AEC}.Release|Any CPU.Build.0 = Release|Any CPU
	EndGlobalSection
	GlobalSection(SolutionProperties) = preSolution
		HideSolutionNode = FALSE
	EndGlobalSection
	GlobalSection(ExtensibilityGlobals) = postSolution
		SolutionGuid = {43EB075E-F172-4937-A8CC-94864B9A2608}
	EndGlobalSection
EndGlobal
